
Microsoft Visual Studio Solution File, Format Version 12.00
# Visual Studio 15
VisualStudioVersion = 15.0.27130.2027
MinimumVisualStudioVersion = 10.0.40219.1
Project("{9A19103F-16F7-4668-BE54-9A1E7A4F7556}") = "SportsStore", "SportsStore\SportsStore.csproj", "{1F5D9C55-570F-467C-BD79-22F1AC782141}"
EndProject
Project("{9A19103F-16F7-4668-BE54-9A1E7A4F7556}") = "SportsStore.Tests", "SportsStore.Tests\SportsStore.Tests.csproj", "{E9097A5B-87CE-4130-B383-F01177261A1F}"
EndProject
Global
	GlobalSection(SolutionConfigurationPlatforms) = preSolution
		Debug|Any CPU = Debug|Any CPU
		Release|Any CPU = Release|Any CPU
	EndGlobalSection
	GlobalSection(ProjectConfigurationPlatforms) = postSolution
		{1F5D9C55-570F-467C-BD79-22F1AC782141}.Debug|Any CPU.ActiveCfg = Debug|Any CPU
		{1F5D9C55-570F-467C-BD79-22F1AC782141}.Debug|Any CPU.Build.0 = Debug|Any CPU
		{1F5D9C55-570F-467C-BD79-22F1AC782141}.Release|Any CPU.ActiveCfg = Release|Any CPU
		{1F5D9C55-570F-467C-BD79-22F1AC782141}.Release|Any CPU.Build.0 = Release|Any CPU
		{E9097A5B-87CE-4130-B383-F01177261A1F}.Debug|Any CPU.ActiveCfg = Debug|Any CPU
		{E9097A5B-87CE-4130-B383-F01177261A1F}.Debug|Any CPU.Build.0 = Debug|Any CPU
		{E9097A5B-87CE-4130-B383-F01177261A1F}.Release|Any CPU.ActiveCfg = Release|Any CPU
		{E9097A5B-87CE-4130-B383-F01177261A1F}.Release|Any CPU.Build.0 = Release|Any CPU
	EndGlobalSection
	GlobalSection(SolutionProperties) = preSolution
		HideSolutionNode = FALSE
	EndGlobalSection
	GlobalSection(ExtensibilityGlobals) = postSolution
		SolutionGuid = {EE492043-4078-43A7-AEC9-ACABA94444B2}
	EndGlobalSection
EndGlobal
